
Microsoft Visual Studio Solution File, Format Version 12.00
# Visual Studio Version 17
VisualStudioVersion = 17.1.32228.430
MinimumVisualStudioVersion = 10.0.40219.1
Project("{FAE04EC0-301F-11D3-BF4B-00C04F79EFBC}") = "fwcfc", "fwcfc\fwcfc.csproj", "{C8D0742D-8996-4570-87DB-6972A8CC15FA}"
EndProject
Global
	GlobalSection(SolutionConfigurationPlatforms) = preSolution
		Debug|Any CPU = Debug|Any CPU
		Release|Any CPU = Release|Any CPU
	EndGlobalSection
	GlobalSection(ProjectConfigurationPlatforms) = postSolution
		{C8D0742D-8996-4570-87DB-6972A8CC15FA}.Debug|Any CPU.ActiveCfg = Debug|Any CPU
		{C8D0742D-8996-4570-87DB-6972A8CC15FA}.Debug|Any CPU.Build.0 = Debug|Any CPU
		{C8D0742D-8996-4570-87DB-6972A8CC15FA}.Release|Any CPU.ActiveCfg = Release|Any CPU
		{C8D0742D-8996-4570-87DB-6972A8CC15FA}.Release|Any CPU.Build.0 = Release|Any CPU
	EndGlobalSection
	GlobalSection(SolutionProperties) = preSolution
		HideSolutionNode = FALSE
	EndGlobalSection
	GlobalSection(ExtensibilityGlobals) = postSolution
		SolutionGuid = {2C57DF16-B730-4F37-B0B0-DB3EA1607792}
	EndGlobalSection
EndGlobal
